
Microsoft Visual Studio Solution File, Format Version 12.00
# Visual Studio Version 17
VisualStudioVersion = 17.6.33815.320
MinimumVisualStudioVersion = 10.0.40219.1
Project("{FAE04EC0-301F-11D3-BF4B-00C04F79EFBC}") = "R2Q.Core", "R2Q.Core\R2Q.Core.csproj", "{118BFC49-F7DF-4A42-8B41-F6E92A33B358}"
EndProject
Global
	GlobalSection(SolutionConfigurationPlatforms) = preSolution
		Debug|Any CPU = Debug|Any CPU
		Release|Any CPU = Release|Any CPU
	EndGlobalSection
	GlobalSection(ProjectConfigurationPlatforms) = postSolution
		{118BFC49-F7DF-4A42-8B41-F6E92A33B358}.Debug|Any CPU.ActiveCfg = Debug|Any CPU
		{118BFC49-F7DF-4A42-8B41-F6E92A33B358}.Debug|Any CPU.Build.0 = Debug|Any CPU
		{118BFC49-F7DF-4A42-8B41-F6E92A33B358}.Release|Any CPU.ActiveCfg = Release|Any CPU
		{118BFC49-F7DF-4A42-8B41-F6E92A33B358}.Release|Any CPU.Build.0 = Release|Any CPU
	EndGlobalSection
	GlobalSection(SolutionProperties) = preSolution
		HideSolutionNode = FALSE
	EndGlobalSection
	GlobalSection(ExtensibilityGlobals) = postSolution
		SolutionGuid = {1657C01B-E259-46A0-BDDD-757BC6464663}
	EndGlobalSection
EndGlobal
